
Microsoft Visual Studio Solution File, Format Version 12.00
# Visual Studio 14
VisualStudioVersion = 14.0.23107.0
MinimumVisualStudioVersion = 10.0.40219.1
Project("{FAE04EC0-301F-11D3-BF4B-00C04F79EFBC}") = "utc", "utc\utc.csproj", "{81654852-D716-4E5D-86E2-52B0F0C1DA95}"
EndProject
Global
	GlobalSection(SolutionConfigurationPlatforms) = preSolution
		Debug|Any CPU = Debug|Any CPU
		Release|Any CPU = Release|Any CPU
	EndGlobalSection
	GlobalSection(ProjectConfigurationPlatforms) = postSolution
		{81654852-D716-4E5D-86E2-52B0F0C1DA95}.Debug|Any CPU.ActiveCfg = Debug|Any CPU
		{81654852-D716-4E5D-86E2-52B0F0C1DA95}.Debug|Any CPU.Build.0 = Debug|Any CPU
		{81654852-D716-4E5D-86E2-52B0F0C1DA95}.Release|Any CPU.ActiveCfg = Release|Any CPU
		{81654852-D716-4E5D-86E2-52B0F0C1DA95}.Release|Any CPU.Build.0 = Release|Any CPU
	EndGlobalSection
	GlobalSection(SolutionProperties) = preSolution
		HideSolutionNode = FALSE
	EndGlobalSection
EndGlobal
